Microsoft Visual Studio Solution File, Format Version 12.00
# Visual Studio Version 17
VisualStudioVersion = 17.14.35906.104
MinimumVisualStudioVersion = 10.0.40219.1
Project("{FAE04EC0-301F-11D3-BF4B-00C04F79EFBC}") = "BlazorShop.Web", "BlazorShop.Web\BlazorShop.Web.csproj", "{59EDBAAB-B941-4B6C-A4CB-6DFFD1FB81D2}"
EndProject
Project("{FAE04EC0-301F-11D3-BF4B-00C04F79EFBC}") = "BlazorShopApi", "BlazorShopApi\BlazorShopApi.csproj", "{94AF26EE-3C5C-406D-9808-B5CC11AF41DB}"
EndProject
Project("{FAE04EC0-301F-11D3-BF4B-00C04F79EFBC}") = "BlazorShop.Models", "BlazorShop.Models\BlazorShop.Models.csproj", "{F8D22034-5833-4C65-BAE8-69B35B84F91A}"
EndProject
Global
	GlobalSection(SolutionConfigurationPlatforms) = preSolution
		Debug|Any CPU = Debug|Any CPU
		Release|Any CPU = Release|Any CPU
	EndGlobalSection
	GlobalSection(ProjectConfigurationPlatforms) = postSolution
		{59EDBAAB-B941-4B6C-A4CB-6DFFD1FB81D2}.Debug|Any CPU.ActiveCfg = Debug|Any CPU
		{59EDBAAB-B941-4B6C-A4CB-6DFFD1FB81D2}.Debug|Any CPU.Build.0 = Debug|Any CPU
		{59EDBAAB-B941-4B6C-A4CB-6DFFD1FB81D2}.Release|Any CPU.ActiveCfg = Release|Any CPU
		{59EDBAAB-B941-4B6C-A4CB-6DFFD1FB81D2}.Release|Any CPU.Build.0 = Release|Any CPU
		{94AF26EE-3C5C-406D-9808-B5CC11AF41DB}.Debug|Any CPU.ActiveCfg = Debug|Any CPU
		{94AF26EE-3C5C-406D-9808-B5CC11AF41DB}.Debug|Any CPU.Build.0 = Debug|Any CPU
		{94AF26EE-3C5C-406D-9808-B5CC11AF41DB}.Release|Any CPU.ActiveCfg = Release|Any CPU
		{94AF26EE-3C5C-406D-9808-B5CC11AF41DB}.Release|Any CPU.Build.0 = Release|Any CPU
		{F8D22034-5833-4C65-BAE8-69B35B84F91A}.Debug|Any CPU.ActiveCfg = Debug|Any CPU
		{F8D22034-5833-4C65-BAE8-69B35B84F91A}.Debug|Any CPU.Build.0 = Debug|Any CPU
		{F8D22034-5833-4C65-BAE8-69B35B84F91A}.Release|Any CPU.ActiveCfg = Release|Any CPU
		{F8D22034-5833-4C65-BAE8-69B35B84F91A}.Release|Any CPU.Build.0 = Release|Any CPU
	EndGlobalSection
	GlobalSection(SolutionProperties) = preSolution
		HideSolutionNode = FALSE
	EndGlobalSection
	GlobalSection(ExtensibilityGlobals) = postSolution
		SolutionGuid = {2A3F496B-B98A-426F-A6A4-35FC85D05102}
	EndGlobalSection
EndGlobal
